
Microsoft Visual Studio Solution File, Format Version 12.00
# Visual Studio Version 17
VisualStudioVersion = 17.0.31903.59
MinimumVisualStudioVersion = 10.0.40219.1
Project("{2150E333-8FDC-42A3-9474-1A3956D46DE8}") = "src", "src", "{E4CB08CB-1C2C-4387-98B9-070E15EC9644}"
EndProject
Project("{2150E333-8FDC-42A3-9474-1A3956D46DE8}") = "test", "test", "{F0FFCB58-1D62-4516-9E53-D68FDC88B0FF}"
EndProject
Project("{9A19103F-16F7-4668-BE54-9A1E7A4F7556}") = "Bridgeway", "src\Bridgeway\Bridgeway.csproj", "{3733BA53-C688-4AD2-9CC4-8EC666C40D6A}"
EndProject
Project("{9A19103F-16F7-4668-BE54-9A1E7A4F7556}") = "Bridgeway.Test.Unit", "test\Bridgeway.Test.Unit\Bridgeway.Test.Unit.csproj", "{7F59AB76-BF2E-4EB2-A23F-1E1699949D95}"
EndProject
Project("{9A19103F-16F7-4668-BE54-9A1E7A4F7556}") = "Bridgeway.Test.Acceptance", "test\Bridgeway.Test.Acceptance\Bridgeway.Test.Acceptance.csproj", "{80C9562B-1CDB-45FF-BBC6-A76A73A0F2B6}"
EndProject
Project("{9A19103F-16F7-4668-BE54-9A1E7A4F7556}") = "Bridgeway.Test.Integration", "test\Bridgeway.Test.Integration\Bridgeway.Test.Integration.csproj", "{6A316B30-E415-49D2-BB14-EA2D3CDB630F}"
EndProject
Global
	GlobalSection(SolutionConfigurationPlatforms) = preSolution
		Debug|Any CPU = Debug|Any CPU
		Release|Any CPU = Release|Any CPU
	EndGlobalSection
	GlobalSection(ProjectConfigurationPlatforms) = postSolution
		{3733BA53-C688-4AD2-9CC4-8EC666C40D6A}.Debug|Any CPU.ActiveCfg = Debug|Any CPU
		{3733BA53-C688-4AD2-9CC4-8EC666C40D6A}.Debug|Any CPU.Build.0 = Debug|Any CPU
		{3733BA53-C688-4AD2-9CC4-8EC666C40D6A}.Release|Any CPU.ActiveCfg = Release|Any CPU
		{3733BA53-C688-4AD2-9CC4-8EC666C40D6A}.Release|Any CPU.Build.0 = Release|Any CPU
		{7F59AB76-BF2E-4EB2-A23F-1E1699949D95}.Debug|Any CPU.ActiveCfg = Debug|Any CPU
		{7F59AB76-BF2E-4EB2-A23F-1E1699949D95}.Debug|Any CPU.Build.0 = Debug|Any CPU
		{7F59AB76-BF2E-4EB2-A23F-1E1699949D95}.Release|Any CPU.ActiveCfg = Release|Any CPU
		{7F59AB76-BF2E-4EB2-A23F-1E1699949D95}.Release|Any CPU.Build.0 = Release|Any CPU
		{80C9562B-1CDB-45FF-BBC6-A76A73A0F2B6}.Debug|Any CPU.ActiveCfg = Debug|Any CPU
		{80C9562B-1CDB-45FF-BBC6-A76A73A0F2B6}.Debug|Any CPU.Build.0 = Debug|Any CPU
		{80C9562B-1CDB-45FF-BBC6-A76A73A0F2B6}.Release|Any CPU.ActiveCfg = Release|Any CPU
		{80C9562B-1CDB-45FF-BBC6-A76A73A0F2B6}.Release|Any CPU.Build.0 = Release|Any CPU
		{6A316B30-E415-49D2-BB14-EA2D3CDB630F}.Debug|Any CPU.ActiveCfg = Debug|Any CPU
		{6A316B30-E415-49D2-BB14-EA2D3CDB630F}.Debug|Any CPU.Build.0 = Debug|Any CPU
		{6A316B30-E415-49D2-BB14-EA2D3CDB630F}.Release|Any CPU.ActiveCfg = Release|Any CPU
		{6A316B30-E415-49D2-BB14-EA2D3CDB630F}.Release|Any CPU.Build.0 = Release|Any CPU
	EndGlobalSection
	GlobalSection(SolutionProperties) = preSolution
		HideSolutionNode = FALSE
	EndGlobalSection
	GlobalSection(NestedProjects) = preSolution
		{3733BA53-C688-4AD2-9CC4-8EC666C40D6A} = {E4CB08CB-1C2C-4387-98B9-070E15EC9644}
		{7F59AB76-BF2E-4EB2-A23F-1E1699949D95} = {F0FFCB58-1D62-4516-9E53-D68FDC88B0FF}
		{80C9562B-1CDB-45FF-BBC6-A76A73A0F2B6} = {F0FFCB58-1D62-4516-9E53-D68FDC88B0FF}
		{6A316B30-E415-49D2-BB14-EA2D3CDB630F} = {F0FFCB58-1D62-4516-9E53-D68FDC88B0FF}
	EndGlobalSection
	GlobalSection(ExtensibilityGlobals) = postSolution
		SolutionGuid = {40AFF132-F390-4D1D-B729-50F763D56817}
	EndGlobalSection
EndGlobal
